# This file is autogenerated, do not edit; changes may be undone by the next 'dep ensure'.


[[projects]]
  branch = "master"
  digest = "1:36b6a19dd304863ca560e36868d791278ee7b221156f000aa52cbf4144c301c5"
  name = "github.com/joho/sqltocsv"
  packages = ["."]
  pruneopts = "UT"
  revision = "b24deec2b806318a8a3707c8a7bd24a57fc29e74"

[[projects]]
  digest = "1:8ef506fc2bb9ced9b151dafa592d4046063d744c646c1bbe801982ce87e4bc24"
  name = "github.com/lib/pq"
  packages = [
    ".",
    "oid",
  ]
  pruneopts = "UT"
  revision = "4ded0e9383f75c197b3a2aaa6d590ac52df6fd79"
  version = "v1.0.0"

[solve-meta]
  analyzer-name = "dep"
  analyzer-version = 1
  input-imports = [
    "github.com/joho/sqltocsv",
    "github.com/lib/pq",
  ]
  solver-name = "gps-cdcl"
  solver-version = 1
